
Microsoft Visual Studio Solution File, Format Version 12.00
# Visual Studio Version 17
VisualStudioVersion = 17.11.35222.181
MinimumVisualStudioVersion = 10.0.40219.1
Project("{8BC9CEB8-8B4A-11D0-8D11-00A0C91BC942}") = "PR5.3", "PR5.3.vcxproj", "{5E6E5DD3-F415-4344-B2B6-FD9F2ADB8E40}"
EndProject
Project("{8BC9CEB8-8B4A-11D0-8D11-00A0C91BC942}") = "UnitTest1", "UnitTest1\UnitTest1.vcxproj", "{F3430F0F-2BAA-4630-AEBD-AE42B4776CC0}"
EndProject
Global
	GlobalSection(SolutionConfigurationPlatforms) = preSolution
		Debug|x64 = Debug|x64
		Debug|x86 = Debug|x86
		Release|x64 = Release|x64
		Release|x86 = Release|x86
	EndGlobalSection
	GlobalSection(ProjectConfigurationPlatforms) = postSolution
		{5E6E5DD3-F415-4344-B2B6-FD9F2ADB8E40}.Debug|x64.ActiveCfg = Debug|x64
		{5E6E5DD3-F415-4344-B2B6-FD9F2ADB8E40}.Debug|x64.Build.0 = Debug|x64
		{5E6E5DD3-F415-4344-B2B6-FD9F2ADB8E40}.Debug|x86.ActiveCfg = Debug|Win32
		{5E6E5DD3-F415-4344-B2B6-FD9F2ADB8E40}.Debug|x86.Build.0 = Debug|Win32
		{5E6E5DD3-F415-4344-B2B6-FD9F2ADB8E40}.Release|x64.ActiveCfg = Release|x64
		{5E6E5DD3-F415-4344-B2B6-FD9F2ADB8E40}.Release|x64.Build.0 = Release|x64
		{5E6E5DD3-F415-4344-B2B6-FD9F2ADB8E40}.Release|x86.ActiveCfg = Release|Win32
		{5E6E5DD3-F415-4344-B2B6-FD9F2ADB8E40}.Release|x86.Build.0 = Release|Win32
		{F3430F0F-2BAA-4630-AEBD-AE42B4776CC0}.Debug|x64.ActiveCfg = Debug|x64
		{F3430F0F-2BAA-4630-AEBD-AE42B4776CC0}.Debug|x64.Build.0 = Debug|x64
		{F3430F0F-2BAA-4630-AEBD-AE42B4776CC0}.Debug|x86.ActiveCfg = Debug|Win32
		{F3430F0F-2BAA-4630-AEBD-AE42B4776CC0}.Debug|x86.Build.0 = Debug|Win32
		{F3430F0F-2BAA-4630-AEBD-AE42B4776CC0}.Release|x64.ActiveCfg = Release|x64
		{F3430F0F-2BAA-4630-AEBD-AE42B4776CC0}.Release|x64.Build.0 = Release|x64
		{F3430F0F-2BAA-4630-AEBD-AE42B4776CC0}.Release|x86.ActiveCfg = Release|Win32
		{F3430F0F-2BAA-4630-AEBD-AE42B4776CC0}.Release|x86.Build.0 = Release|Win32
	EndGlobalSection
	GlobalSection(SolutionProperties) = preSolution
		HideSolutionNode = FALSE
	EndGlobalSection
	GlobalSection(ExtensibilityGlobals) = postSolution
		SolutionGuid = {5D8699D9-2465-4375-86ED-4664BB6F265E}
	EndGlobalSection
EndGlobal
